
Microsoft Visual Studio Solution File, Format Version 12.00
# Visual Studio 2012
Project("{FAE04EC0-301F-11D3-BF4B-00C04F79EFBC}") = "codewhileloop", "codewhileloop\codewhileloop.csproj", "{A6DC1671-B702-4744-812D-96255A3650FF}"
EndProject
Global
	GlobalSection(SolutionConfigurationPlatforms) = preSolution
		Debug|Any CPU = Debug|Any CPU
		Release|Any CPU = Release|Any CPU
	EndGlobalSection
	GlobalSection(ProjectConfigurationPlatforms) = postSolution
		{A6DC1671-B702-4744-812D-96255A3650FF}.Debug|Any CPU.ActiveCfg = Debug|Any CPU
		{A6DC1671-B702-4744-812D-96255A3650FF}.Debug|Any CPU.Build.0 = Debug|Any CPU
		{A6DC1671-B702-4744-812D-96255A3650FF}.Release|Any CPU.ActiveCfg = Release|Any CPU
		{A6DC1671-B702-4744-812D-96255A3650FF}.Release|Any CPU.Build.0 = Release|Any CPU
	EndGlobalSection
	GlobalSection(SolutionProperties) = preSolution
		HideSolutionNode = FALSE
	EndGlobalSection
EndGlobal
